
Microsoft Visual Studio Solution File, Format Version 12.00
# Visual Studio Version 17
VisualStudioVersion = 17.0.32126.317
MinimumVisualStudioVersion = 10.0.40219.1
Project("{FAE04EC0-301F-11D3-BF4B-00C04F79EFBC}") = "Завдання 4. Кількість елементів, більших за попередній", "Завдання 4. Кількість елементів, більших за попередній\Завдання 4. Кількість елементів, більших за попередній.csproj", "{5B74016A-B0C5-4B9A-898B-64B100D4935F}"
EndProject
Global
	GlobalSection(SolutionConfigurationPlatforms) = preSolution
		Debug|Any CPU = Debug|Any CPU
		Release|Any CPU = Release|Any CPU
	EndGlobalSection
	GlobalSection(ProjectConfigurationPlatforms) = postSolution
		{5B74016A-B0C5-4B9A-898B-64B100D4935F}.Debug|Any CPU.ActiveCfg = Debug|Any CPU
		{5B74016A-B0C5-4B9A-898B-64B100D4935F}.Debug|Any CPU.Build.0 = Debug|Any CPU
		{5B74016A-B0C5-4B9A-898B-64B100D4935F}.Release|Any CPU.ActiveCfg = Release|Any CPU
		{5B74016A-B0C5-4B9A-898B-64B100D4935F}.Release|Any CPU.Build.0 = Release|Any CPU
	EndGlobalSection
	GlobalSection(SolutionProperties) = preSolution
		HideSolutionNode = FALSE
	EndGlobalSection
	GlobalSection(ExtensibilityGlobals) = postSolution
		SolutionGuid = {49682F03-6AD7-4247-8D26-E0B234065E4C}
	EndGlobalSection
EndGlobal
