
Microsoft Visual Studio Solution File, Format Version 12.00
# Visual Studio Version 17
VisualStudioVersion = 17.0.32126.317
MinimumVisualStudioVersion = 10.0.40219.1
Project("{FAE04EC0-301F-11D3-BF4B-00C04F79EFBC}") = "Завдання 9. Циклічне зрушення вправо", "Завдання 9. Циклічне зрушення вправо\Завдання 9. Циклічне зрушення вправо.csproj", "{9CCA26A9-9810-42C3-8A17-8EB530070FF6}"
EndProject
Global
	GlobalSection(SolutionConfigurationPlatforms) = preSolution
		Debug|Any CPU = Debug|Any CPU
		Release|Any CPU = Release|Any CPU
	EndGlobalSection
	GlobalSection(ProjectConfigurationPlatforms) = postSolution
		{9CCA26A9-9810-42C3-8A17-8EB530070FF6}.Debug|Any CPU.ActiveCfg = Debug|Any CPU
		{9CCA26A9-9810-42C3-8A17-8EB530070FF6}.Debug|Any CPU.Build.0 = Debug|Any CPU
		{9CCA26A9-9810-42C3-8A17-8EB530070FF6}.Release|Any CPU.ActiveCfg = Release|Any CPU
		{9CCA26A9-9810-42C3-8A17-8EB530070FF6}.Release|Any CPU.Build.0 = Release|Any CPU
	EndGlobalSection
	GlobalSection(SolutionProperties) = preSolution
		HideSolutionNode = FALSE
	EndGlobalSection
	GlobalSection(ExtensibilityGlobals) = postSolution
		SolutionGuid = {E914EBD3-6AC6-4E66-B248-6A376F2E5EB5}
	EndGlobalSection
EndGlobal
